Microsoft Visual Studio Solution File, Format Version 12.00
# Visual Studio Version 17
VisualStudioVersion = 17.0.31903.59
MinimumVisualStudioVersion = 10.0.40219.1
Project("{2150E333-8FDC-42A3-9474-1A3956D46DE8}") = "Solution Items", "Solution Items", "{52CA242D-DB20-41D9-8B79-A5A965ECA105}"
	ProjectSection(SolutionItems) = preProject
		appveyor.yml = appveyor.yml
		azure-pipelines.yml = azure-pipelines.yml
		build.ps1 = build.ps1
		CHANGELOG.MD = CHANGELOG.MD
		README.md = README.md
	EndProjectSection
EndProject
Project("{9A19103F-16F7-4668-BE54-9A1E7A4F7556}") = "NLog.Web", "src\NLog.Web\NLog.Web.csproj", "{E30DC886-8431-4CFA-90FA-38D9BE4203A0}"
EndProject
Project("{9A19103F-16F7-4668-BE54-9A1E7A4F7556}") = "NLog.Web.Tests", "tests\NLog.Web.Tests\NLog.Web.Tests.csproj", "{E318FB41-9712-44CA-B792-E865EFE1A564}"
EndProject
Project("{9A19103F-16F7-4668-BE54-9A1E7A4F7556}") = "NLog.Web.AspNetCore", "src\NLog.Web.AspNetCore\NLog.Web.AspNetCore.csproj", "{9E3F7ECB-A6ED-422E-8429-F96C510F59CF}"
EndProject
Project("{9A19103F-16F7-4668-BE54-9A1E7A4F7556}") = "NLog.Web.AspNetCore.Tests", "tests\NLog.Web.AspNetCore.Tests\NLog.Web.AspNetCore.Tests.csproj", "{C02D4CED-0098-4526-BB95-6AB9D988036D}"
EndProject
Project("{2150E333-8FDC-42A3-9474-1A3956D46DE8}") = "Examples", "Examples", "{A9FB260C-9052-45D3-827A-20590F9D2FEF}"
EndProject
Project("{FAE04EC0-301F-11D3-BF4B-00C04F79EFBC}") = "ASP.NET 4.6.1 - VS2017", "examples\ASP.NET 4.6.1\Visual Studio 2017\ASP.NET 4.6.1 - VS2017\ASP.NET 4.6.1 - VS2017.csproj", "{0BF1FB4E-D5AE-46DE-9E80-E2DD40235552}"
EndProject
Project("{9A19103F-16F7-4668-BE54-9A1E7A4F7556}") = "ASP.NET Core 6 NLog Example", "examples\ASP.NET Core 6\ASP.NET Core 6 NLog Example\ASP.NET Core 6 NLog Example.csproj", "{C7F367FA-9DFC-4AA4-81AF-1B4933EAE516}"
EndProject
Project("{9A19103F-16F7-4668-BE54-9A1E7A4F7556}") = "ASP.NET.Core7", "examples\ASP.NET.Core7\ASP.NET.Core7.csproj", "{88FE9FBA-774E-4425-A28D-3EBF385EEC2A}"
EndProject
Project("{FAE04EC0-301F-11D3-BF4B-00C04F79EFBC}") = "ASP.NET.Core8", "examples\ASP.NET.Core8\ASP.NET.Core8.csproj", "{7EBAAA50-E856-40DD-80F0-3A7515338A73}"
EndProject
Global
	GlobalSection(SolutionConfigurationPlatforms) = preSolution
		Debug|Any CPU = Debug|Any CPU
		Release|Any CPU = Release|Any CPU
	EndGlobalSection
	GlobalSection(ProjectConfigurationPlatforms) = postSolution
		{E30DC886-8431-4CFA-90FA-38D9BE4203A0}.Debug|Any CPU.ActiveCfg = Debug|Any CPU
		{E30DC886-8431-4CFA-90FA-38D9BE4203A0}.Debug|Any CPU.Build.0 = Debug|Any CPU
		{E30DC886-8431-4CFA-90FA-38D9BE4203A0}.Release|Any CPU.ActiveCfg = Release|Any CPU
		{E30DC886-8431-4CFA-90FA-38D9BE4203A0}.Release|Any CPU.Build.0 = Release|Any CPU
		{E318FB41-9712-44CA-B792-E865EFE1A564}.Debug|Any CPU.ActiveCfg = Debug|Any CPU
		{E318FB41-9712-44CA-B792-E865EFE1A564}.Debug|Any CPU.Build.0 = Debug|Any CPU
		{E318FB41-9712-44CA-B792-E865EFE1A564}.Release|Any CPU.ActiveCfg = Release|Any CPU
		{E318FB41-9712-44CA-B792-E865EFE1A564}.Release|Any CPU.Build.0 = Release|Any CPU
		{9E3F7ECB-A6ED-422E-8429-F96C510F59CF}.Debug|Any CPU.ActiveCfg = Debug|Any CPU
		{9E3F7ECB-A6ED-422E-8429-F96C510F59CF}.Debug|Any CPU.Build.0 = Debug|Any CPU
		{9E3F7ECB-A6ED-422E-8429-F96C510F59CF}.Release|Any CPU.ActiveCfg = Release|Any CPU
		{9E3F7ECB-A6ED-422E-8429-F96C510F59CF}.Release|Any CPU.Build.0 = Release|Any CPU
		{C02D4CED-0098-4526-BB95-6AB9D988036D}.Debug|Any CPU.ActiveCfg = Debug|Any CPU
		{C02D4CED-0098-4526-BB95-6AB9D988036D}.Debug|Any CPU.Build.0 = Debug|Any CPU
		{C02D4CED-0098-4526-BB95-6AB9D988036D}.Release|Any CPU.ActiveCfg = Release|Any CPU
		{C02D4CED-0098-4526-BB95-6AB9D988036D}.Release|Any CPU.Build.0 = Release|Any CPU
		{0BF1FB4E-D5AE-46DE-9E80-E2DD40235552}.Debug|Any CPU.ActiveCfg = Debug|Any CPU
		{0BF1FB4E-D5AE-46DE-9E80-E2DD40235552}.Debug|Any CPU.Build.0 = Debug|Any CPU
		{0BF1FB4E-D5AE-46DE-9E80-E2DD40235552}.Release|Any CPU.ActiveCfg = Release|Any CPU
		{C7F367FA-9DFC-4AA4-81AF-1B4933EAE516}.Debug|Any CPU.ActiveCfg = Debug|Any CPU
		{C7F367FA-9DFC-4AA4-81AF-1B4933EAE516}.Debug|Any CPU.Build.0 = Debug|Any CPU
		{C7F367FA-9DFC-4AA4-81AF-1B4933EAE516}.Release|Any CPU.ActiveCfg = Release|Any CPU
		{C7F367FA-9DFC-4AA4-81AF-1B4933EAE516}.Release|Any CPU.Build.0 = Release|Any CPU
		{88FE9FBA-774E-4425-A28D-3EBF385EEC2A}.Debug|Any CPU.ActiveCfg = Debug|Any CPU
		{88FE9FBA-774E-4425-A28D-3EBF385EEC2A}.Debug|Any CPU.Build.0 = Debug|Any CPU
		{88FE9FBA-774E-4425-A28D-3EBF385EEC2A}.Release|Any CPU.ActiveCfg = Release|Any CPU
		{88FE9FBA-774E-4425-A28D-3EBF385EEC2A}.Release|Any CPU.Build.0 = Release|Any CPU
		{7EBAAA50-E856-40DD-80F0-3A7515338A73}.Debug|Any CPU.ActiveCfg = Debug|Any CPU
		{7EBAAA50-E856-40DD-80F0-3A7515338A73}.Debug|Any CPU.Build.0 = Debug|Any CPU
		{7EBAAA50-E856-40DD-80F0-3A7515338A73}.Release|Any CPU.ActiveCfg = Release|Any CPU
		{7EBAAA50-E856-40DD-80F0-3A7515338A73}.Release|Any CPU.Build.0 = Release|Any CPU
	EndGlobalSection
	GlobalSection(SolutionProperties) = preSolution
		HideSolutionNode = FALSE
	EndGlobalSection
	GlobalSection(NestedProjects) = preSolution
		{0BF1FB4E-D5AE-46DE-9E80-E2DD40235552} = {A9FB260C-9052-45D3-827A-20590F9D2FEF}
		{C7F367FA-9DFC-4AA4-81AF-1B4933EAE516} = {A9FB260C-9052-45D3-827A-20590F9D2FEF}
		{88FE9FBA-774E-4425-A28D-3EBF385EEC2A} = {A9FB260C-9052-45D3-827A-20590F9D2FEF}
		{7EBAAA50-E856-40DD-80F0-3A7515338A73} = {A9FB260C-9052-45D3-827A-20590F9D2FEF}
	EndGlobalSection
	GlobalSection(ExtensibilityGlobals) = postSolution
		SolutionGuid = {B8468549-60D6-49AC-A6F7-44391E4C392C}
	EndGlobalSection
EndGlobal
